
Microsoft Visual Studio Solution File, Format Version 12.00
# Visual Studio Version 16
VisualStudioVersion = 16.0.28407.52
MinimumVisualStudioVersion = 10.0.40219.1
Project("{FAE04EC0-301F-11D3-BF4B-00C04F79EFBC}") = "MemoriesAdmin.UWP", "MemoriesAdmin\MemoriesAdmin.UWP\MemoriesAdmin.UWP.csproj", "{7A85B436-02D4-44DC-980C-5E963A849FCF}"
EndProject
Project("{FAE04EC0-301F-11D3-BF4B-00C04F79EFBC}") = "MemoriesAdmin.Android", "MemoriesAdmin\MemoriesAdmin.Android\MemoriesAdmin.Android.csproj", "{75B51186-8F4D-44FE-BE3C-D0B3C7148960}"
EndProject
Project("{FAE04EC0-301F-11D3-BF4B-00C04F79EFBC}") = "MemoriesAdmin.iOS", "MemoriesAdmin\MemoriesAdmin.iOS\MemoriesAdmin.iOS.csproj", "{462BE2D3-ACC1-4123-9A21-D0A55FFB7CD4}"
EndProject
Project("{9A19103F-16F7-4668-BE54-9A1E7A4F7556}") = "MemoriesAdmin", "MemoriesAdmin\MemoriesAdmin\MemoriesAdmin.csproj", "{B2E3120D-941E-41D0-9AAA-6EB08B918569}"
EndProject
Global
	GlobalSection(SolutionConfigurationPlatforms) = preSolution
		Ad-Hoc|Any CPU = Ad-Hoc|Any CPU
		Ad-Hoc|ARM = Ad-Hoc|ARM
		Ad-Hoc|iPhone = Ad-Hoc|iPhone
		Ad-Hoc|iPhoneSimulator = Ad-Hoc|iPhoneSimulator
		Ad-Hoc|x64 = Ad-Hoc|x64
		Ad-Hoc|x86 = Ad-Hoc|x86
		AppStore|Any CPU = AppStore|Any CPU
		AppStore|ARM = AppStore|ARM
		AppStore|iPhone = AppStore|iPhone
		AppStore|iPhoneSimulator = AppStore|iPhoneSimulator
		AppStore|x64 = AppStore|x64
		AppStore|x86 = AppStore|x86
		Debug|Any CPU = Debug|Any CPU
		Debug|ARM = Debug|ARM
		Debug|iPhone = Debug|iPhone
		Debug|iPhoneSimulator = Debug|iPhoneSimulator
		Debug|x64 = Debug|x64
		Debug|x86 = Debug|x86
		Release|Any CPU = Release|Any CPU
		Release|ARM = Release|ARM
		Release|iPhone = Release|iPhone
		Release|iPhoneSimulator = Release|iPhoneSimulator
		Release|x64 = Release|x64
		Release|x86 = Release|x86
	EndGlobalSection
	GlobalSection(ProjectConfigurationPlatforms) = postSolution
		{7A85B436-02D4-44DC-980C-5E963A849FCF}.Ad-Hoc|Any CPU.ActiveCfg = Release|x86
		{7A85B436-02D4-44DC-980C-5E963A849FCF}.Ad-Hoc|Any CPU.Build.0 = Release|x86
		{7A85B436-02D4-44DC-980C-5E963A849FCF}.Ad-Hoc|Any CPU.Deploy.0 = Release|x86
		{7A85B436-02D4-44DC-980C-5E963A849FCF}.Ad-Hoc|ARM.ActiveCfg = Release|ARM
		{7A85B436-02D4-44DC-980C-5E963A849FCF}.Ad-Hoc|ARM.Build.0 = Release|ARM
		{7A85B436-02D4-44DC-980C-5E963A849FCF}.Ad-Hoc|ARM.Deploy.0 = Release|ARM
		{7A85B436-02D4-44DC-980C-5E963A849FCF}.Ad-Hoc|iPhone.ActiveCfg = Release|x86
		{7A85B436-02D4-44DC-980C-5E963A849FCF}.Ad-Hoc|iPhone.Build.0 = Release|x86
		{7A85B436-02D4-44DC-980C-5E963A849FCF}.Ad-Hoc|iPhone.Deploy.0 = Release|x86
		{7A85B436-02D4-44DC-980C-5E963A849FCF}.Ad-Hoc|iPhoneSimulator.ActiveCfg = Release|x86
		{7A85B436-02D4-44DC-980C-5E963A849FCF}.Ad-Hoc|iPhoneSimulator.Build.0 = Release|x86
		{7A85B436-02D4-44DC-980C-5E963A849FCF}.Ad-Hoc|iPhoneSimulator.Deploy.0 = Release|x86
		{7A85B436-02D4-44DC-980C-5E963A849FCF}.Ad-Hoc|x64.ActiveCfg = Release|x64
		{7A85B436-02D4-44DC-980C-5E963A849FCF}.Ad-Hoc|x64.Build.0 = Release|x64
		{7A85B436-02D4-44DC-980C-5E963A849FCF}.Ad-Hoc|x64.Deploy.0 = Release|x64
		{7A85B436-02D4-44DC-980C-5E963A849FCF}.Ad-Hoc|x86.ActiveCfg = Release|x86
		{7A85B436-02D4-44DC-980C-5E963A849FCF}.Ad-Hoc|x86.Build.0 = Release|x86
		{7A85B436-02D4-44DC-980C-5E963A849FCF}.Ad-Hoc|x86.Deploy.0 = Release|x86
		{7A85B436-02D4-44DC-980C-5E963A849FCF}.AppStore|Any CPU.ActiveCfg = Release|x86
		{7A85B436-02D4-44DC-980C-5E963A849FCF}.AppStore|Any CPU.Build.0 = Release|x86
		{7A85B436-02D4-44DC-980C-5E963A849FCF}.AppStore|Any CPU.Deploy.0 = Release|x86
		{7A85B436-02D4-44DC-980C-5E963A849FCF}.AppStore|ARM.ActiveCfg = Release|ARM
		{7A85B436-02D4-44DC-980C-5E963A849FCF}.AppStore|ARM.Build.0 = Release|ARM
		{7A85B436-02D4-44DC-980C-5E963A849FCF}.AppStore|ARM.Deploy.0 = Release|ARM
		{7A85B436-02D4-44DC-980C-5E963A849FCF}.AppStore|iPhone.ActiveCfg = Release|x86
		{7A85B436-02D4-44DC-980C-5E963A849FCF}.AppStore|iPhone.Build.0 = Release|x86
		{7A85B436-02D4-44DC-980C-5E963A849FCF}.AppStore|iPhone.Deploy.0 = Release|x86
		{7A85B436-02D4-44DC-980C-5E963A849FCF}.AppStore|iPhoneSimulator.ActiveCfg = Release|x86
		{7A85B436-02D4-44DC-980C-5E963A849FCF}.AppStore|iPhoneSimulator.Build.0 = Release|x86
		{7A85B436-02D4-44DC-980C-5E963A849FCF}.AppStore|iPhoneSimulator.Deploy.0 = Release|x86
		{7A85B436-02D4-44DC-980C-5E963A849FCF}.AppStore|x64.ActiveCfg = Release|x64
		{7A85B436-02D4-44DC-980C-5E963A849FCF}.AppStore|x64.Build.0 = Release|x64
		{7A85B436-02D4-44DC-980C-5E963A849FCF}.AppStore|x64.Deploy.0 = Release|x64
		{7A85B436-02D4-44DC-980C-5E963A849FCF}.AppStore|x86.ActiveCfg = Release|x86
		{7A85B436-02D4-44DC-980C-5E963A849FCF}.AppStore|x86.Build.0 = Release|x86
		{7A85B436-02D4-44DC-980C-5E963A849FCF}.AppStore|x86.Deploy.0 = Release|x86
		{7A85B436-02D4-44DC-980C-5E963A849FCF}.Debug|Any CPU.ActiveCfg = Debug|x86
		{7A85B436-02D4-44DC-980C-5E963A849FCF}.Debug|Any CPU.Build.0 = Debug|x86
		{7A85B436-02D4-44DC-980C-5E963A849FCF}.Debug|Any CPU.Deploy.0 = Debug|x86
		{7A85B436-02D4-44DC-980C-5E963A849FCF}.Debug|ARM.ActiveCfg = Debug|ARM
		{7A85B436-02D4-44DC-980C-5E963A849FCF}.Debug|ARM.Build.0 = Debug|ARM
		{7A85B436-02D4-44DC-980C-5E963A849FCF}.Debug|ARM.Deploy.0 = Debug|ARM
		{7A85B436-02D4-44DC-980C-5E963A849FCF}.Debug|iPhone.ActiveCfg = Debug|x86
		{7A85B436-02D4-44DC-980C-5E963A849FCF}.Debug|iPhone.Build.0 = Debug|x86
		{7A85B436-02D4-44DC-980C-5E963A849FCF}.Debug|iPhone.Deploy.0 = Debug|x86
		{7A85B436-02D4-44DC-980C-5E963A849FCF}.Debug|iPhoneSimulator.ActiveCfg = Debug|x86
		{7A85B436-02D4-44DC-980C-5E963A849FCF}.Debug|iPhoneSimulator.Build.0 = Debug|x86
		{7A85B436-02D4-44DC-980C-5E963A849FCF}.Debug|iPhoneSimulator.Deploy.0 = Debug|x86
		{7A85B436-02D4-44DC-980C-5E963A849FCF}.Debug|x64.ActiveCfg = Debug|x64
		{7A85B436-02D4-44DC-980C-5E963A849FCF}.Debug|x64.Build.0 = Debug|x64
		{7A85B436-02D4-44DC-980C-5E963A849FCF}.Debug|x64.Deploy.0 = Debug|x64
		{7A85B436-02D4-44DC-980C-5E963A849FCF}.Debug|x86.ActiveCfg = Debug|x86
		{7A85B436-02D4-44DC-980C-5E963A849FCF}.Debug|x86.Build.0 = Debug|x86
		{7A85B436-02D4-44DC-980C-5E963A849FCF}.Debug|x86.Deploy.0 = Debug|x86
		{7A85B436-02D4-44DC-980C-5E963A849FCF}.Release|Any CPU.ActiveCfg = Release|x86
		{7A85B436-02D4-44DC-980C-5E963A849FCF}.Release|Any CPU.Build.0 = Release|x86
		{7A85B436-02D4-44DC-980C-5E963A849FCF}.Release|Any CPU.Deploy.0 = Release|x86
		{7A85B436-02D4-44DC-980C-5E963A849FCF}.Release|ARM.ActiveCfg = Release|ARM
		{7A85B436-02D4-44DC-980C-5E963A849FCF}.Release|ARM.Build.0 = Release|ARM
		{7A85B436-02D4-44DC-980C-5E963A849FCF}.Release|ARM.Deploy.0 = Release|ARM
		{7A85B436-02D4-44DC-980C-5E963A849FCF}.Release|iPhone.ActiveCfg = Release|x86
		{7A85B436-02D4-44DC-980C-5E963A849FCF}.Release|iPhone.Build.0 = Release|x86
		{7A85B436-02D4-44DC-980C-5E963A849FCF}.Release|iPhone.Deploy.0 = Release|x86
		{7A85B436-02D4-44DC-980C-5E963A849FCF}.Release|iPhoneSimulator.ActiveCfg = Release|x86
		{7A85B436-02D4-44DC-980C-5E963A849FCF}.Release|iPhoneSimulator.Build.0 = Release|x86
		{7A85B436-02D4-44DC-980C-5E963A849FCF}.Release|iPhoneSimulator.Deploy.0 = Release|x86
		{7A85B436-02D4-44DC-980C-5E963A849FCF}.Release|x64.ActiveCfg = Release|x64
		{7A85B436-02D4-44DC-980C-5E963A849FCF}.Release|x64.Build.0 = Release|x64
		{7A85B436-02D4-44DC-980C-5E963A849FCF}.Release|x64.Deploy.0 = Release|x64
		{7A85B436-02D4-44DC-980C-5E963A849FCF}.Release|x86.ActiveCfg = Release|x86
		{7A85B436-02D4-44DC-980C-5E963A849FCF}.Release|x86.Build.0 = Release|x86
		{7A85B436-02D4-44DC-980C-5E963A849FCF}.Release|x86.Deploy.0 = Release|x86
		{75B51186-8F4D-44FE-BE3C-D0B3C7148960}.Ad-Hoc|Any CPU.ActiveCfg = Release|Any CPU
		{75B51186-8F4D-44FE-BE3C-D0B3C7148960}.Ad-Hoc|Any CPU.Build.0 = Release|Any CPU
		{75B51186-8F4D-44FE-BE3C-D0B3C7148960}.Ad-Hoc|Any CPU.Deploy.0 = Release|Any CPU
		{75B51186-8F4D-44FE-BE3C-D0B3C7148960}.Ad-Hoc|ARM.ActiveCfg = Release|Any CPU
		{75B51186-8F4D-44FE-BE3C-D0B3C7148960}.Ad-Hoc|ARM.Build.0 = Release|Any CPU
		{75B51186-8F4D-44FE-BE3C-D0B3C7148960}.Ad-Hoc|ARM.Deploy.0 = Release|Any CPU
		{75B51186-8F4D-44FE-BE3C-D0B3C7148960}.Ad-Hoc|iPhone.ActiveCfg = Release|Any CPU
		{75B51186-8F4D-44FE-BE3C-D0B3C7148960}.Ad-Hoc|iPhone.Build.0 = Release|Any CPU
		{75B51186-8F4D-44FE-BE3C-D0B3C7148960}.Ad-Hoc|iPhone.Deploy.0 = Release|Any CPU
		{75B51186-8F4D-44FE-BE3C-D0B3C7148960}.Ad-Hoc|iPhoneSimulator.ActiveCfg = Release|Any CPU
		{75B51186-8F4D-44FE-BE3C-D0B3C7148960}.Ad-Hoc|iPhoneSimulator.Build.0 = Release|Any CPU
		{75B51186-8F4D-44FE-BE3C-D0B3C7148960}.Ad-Hoc|iPhoneSimulator.Deploy.0 = Release|Any CPU
		{75B51186-8F4D-44FE-BE3C-D0B3C7148960}.Ad-Hoc|x64.ActiveCfg = Release|Any CPU
		{75B51186-8F4D-44FE-BE3C-D0B3C7148960}.Ad-Hoc|x64.Build.0 = Release|Any CPU
		{75B51186-8F4D-44FE-BE3C-D0B3C7148960}.Ad-Hoc|x64.Deploy.0 = Release|Any CPU
		{75B51186-8F4D-44FE-BE3C-D0B3C7148960}.Ad-Hoc|x86.ActiveCfg = Release|Any CPU
		{75B51186-8F4D-44FE-BE3C-D0B3C7148960}.Ad-Hoc|x86.Build.0 = Release|Any CPU
		{75B51186-8F4D-44FE-BE3C-D0B3C7148960}.Ad-Hoc|x86.Deploy.0 = Release|Any CPU
		{75B51186-8F4D-44FE-BE3C-D0B3C7148960}.AppStore|Any CPU.ActiveCfg = Release|Any CPU
		{75B51186-8F4D-44FE-BE3C-D0B3C7148960}.AppStore|Any CPU.Build.0 = Release|Any CPU
		{75B51186-8F4D-44FE-BE3C-D0B3C7148960}.AppStore|Any CPU.Deploy.0 = Release|Any CPU
		{75B51186-8F4D-44FE-BE3C-D0B3C7148960}.AppStore|ARM.ActiveCfg = Release|Any CPU
		{75B51186-8F4D-44FE-BE3C-D0B3C7148960}.AppStore|ARM.Build.0 = Release|Any CPU
		{75B51186-8F4D-44FE-BE3C-D0B3C7148960}.AppStore|ARM.Deploy.0 = Release|Any CPU
		{75B51186-8F4D-44FE-BE3C-D0B3C7148960}.AppStore|iPhone.ActiveCfg = Release|Any CPU
		{75B51186-8F4D-44FE-BE3C-D0B3C7148960}.AppStore|iPhone.Build.0 = Release|Any CPU
		{75B51186-8F4D-44FE-BE3C-D0B3C7148960}.AppStore|iPhone.Deploy.0 = Release|Any CPU
		{75B51186-8F4D-44FE-BE3C-D0B3C7148960}.AppStore|iPhoneSimulator.ActiveCfg = Release|Any CPU
		{75B51186-8F4D-44FE-BE3C-D0B3C7148960}.AppStore|iPhoneSimulator.Build.0 = Release|Any CPU
		{75B51186-8F4D-44FE-BE3C-D0B3C7148960}.AppStore|iPhoneSimulator.Deploy.0 = Release|Any CPU
		{75B51186-8F4D-44FE-BE3C-D0B3C7148960}.AppStore|x64.ActiveCfg = Release|Any CPU
		{75B51186-8F4D-44FE-BE3C-D0B3C7148960}.AppStore|x64.Build.0 = Release|Any CPU
		{75B51186-8F4D-44FE-BE3C-D0B3C7148960}.AppStore|x64.Deploy.0 = Release|Any CPU
		{75B51186-8F4D-44FE-BE3C-D0B3C7148960}.AppStore|x86.ActiveCfg = Release|Any CPU
		{75B51186-8F4D-44FE-BE3C-D0B3C7148960}.AppStore|x86.Build.0 = Release|Any CPU
		{75B51186-8F4D-44FE-BE3C-D0B3C7148960}.AppStore|x86.Deploy.0 = Release|Any CPU
		{75B51186-8F4D-44FE-BE3C-D0B3C7148960}.Debug|Any CPU.ActiveCfg = Debug|Any CPU
		{75B51186-8F4D-44FE-BE3C-D0B3C7148960}.Debug|Any CPU.Build.0 = Debug|Any CPU
		{75B51186-8F4D-44FE-BE3C-D0B3C7148960}.Debug|Any CPU.Deploy.0 = Debug|Any CPU
		{75B51186-8F4D-44FE-BE3C-D0B3C7148960}.Debug|ARM.ActiveCfg = Debug|Any CPU
		{75B51186-8F4D-44FE-BE3C-D0B3C7148960}.Debug|ARM.Build.0 = Debug|Any CPU
		{75B51186-8F4D-44FE-BE3C-D0B3C7148960}.Debug|ARM.Deploy.0 = Debug|Any CPU
		{75B51186-8F4D-44FE-BE3C-D0B3C7148960}.Debug|iPhone.ActiveCfg = Debug|Any CPU
		{75B51186-8F4D-44FE-BE3C-D0B3C7148960}.Debug|iPhone.Build.0 = Debug|Any CPU
		{75B51186-8F4D-44FE-BE3C-D0B3C7148960}.Debug|iPhone.Deploy.0 = Debug|Any CPU
		{75B51186-8F4D-44FE-BE3C-D0B3C7148960}.Debug|iPhoneSimulator.ActiveCfg = Debug|Any CPU
		{75B51186-8F4D-44FE-BE3C-D0B3C7148960}.Debug|iPhoneSimulator.Build.0 = Debug|Any CPU
		{75B51186-8F4D-44FE-BE3C-D0B3C7148960}.Debug|iPhoneSimulator.Deploy.0 = Debug|Any CPU
		{75B51186-8F4D-44FE-BE3C-D0B3C7148960}.Debug|x64.ActiveCfg = Debug|Any CPU
		{75B51186-8F4D-44FE-BE3C-D0B3C7148960}.Debug|x64.Build.0 = Debug|Any CPU
		{75B51186-8F4D-44FE-BE3C-D0B3C7148960}.Debug|x64.Deploy.0 = Debug|Any CPU
		{75B51186-8F4D-44FE-BE3C-D0B3C7148960}.Debug|x86.ActiveCfg = Debug|Any CPU
		{75B51186-8F4D-44FE-BE3C-D0B3C7148960}.Debug|x86.Build.0 = Debug|Any CPU
		{75B51186-8F4D-44FE-BE3C-D0B3C7148960}.Debug|x86.Deploy.0 = Debug|Any CPU
		{75B51186-8F4D-44FE-BE3C-D0B3C7148960}.Release|Any CPU.ActiveCfg = Release|Any CPU
		{75B51186-8F4D-44FE-BE3C-D0B3C7148960}.Release|Any CPU.Build.0 = Release|Any CPU
		{75B51186-8F4D-44FE-BE3C-D0B3C7148960}.Release|Any CPU.Deploy.0 = Release|Any CPU
		{75B51186-8F4D-44FE-BE3C-D0B3C7148960}.Release|ARM.ActiveCfg = Release|Any CPU
		{75B51186-8F4D-44FE-BE3C-D0B3C7148960}.Release|ARM.Build.0 = Release|Any CPU
		{75B51186-8F4D-44FE-BE3C-D0B3C7148960}.Release|ARM.Deploy.0 = Release|Any CPU
		{75B51186-8F4D-44FE-BE3C-D0B3C7148960}.Release|iPhone.ActiveCfg = Release|Any CPU
		{75B51186-8F4D-44FE-BE3C-D0B3C7148960}.Release|iPhone.Build.0 = Release|Any CPU
		{75B51186-8F4D-44FE-BE3C-D0B3C7148960}.Release|iPhone.Deploy.0 = Release|Any CPU
		{75B51186-8F4D-44FE-BE3C-D0B3C7148960}.Release|iPhoneSimulator.ActiveCfg = Release|Any CPU
		{75B51186-8F4D-44FE-BE3C-D0B3C7148960}.Release|iPhoneSimulator.Build.0 = Release|Any CPU
		{75B51186-8F4D-44FE-BE3C-D0B3C7148960}.Release|iPhoneSimulator.Deploy.0 = Release|Any CPU
		{75B51186-8F4D-44FE-BE3C-D0B3C7148960}.Release|x64.ActiveCfg = Release|Any CPU
		{75B51186-8F4D-44FE-BE3C-D0B3C7148960}.Release|x64.Build.0 = Release|Any CPU
		{75B51186-8F4D-44FE-BE3C-D0B3C7148960}.Release|x64.Deploy.0 = Release|Any CPU
		{75B51186-8F4D-44FE-BE3C-D0B3C7148960}.Release|x86.ActiveCfg = Release|Any CPU
		{75B51186-8F4D-44FE-BE3C-D0B3C7148960}.Release|x86.Build.0 = Release|Any CPU
		{75B51186-8F4D-44FE-BE3C-D0B3C7148960}.Release|x86.Deploy.0 = Release|Any CPU
		{462BE2D3-ACC1-4123-9A21-D0A55FFB7CD4}.Ad-Hoc|Any CPU.ActiveCfg = Ad-Hoc|iPhone
		{462BE2D3-ACC1-4123-9A21-D0A55FFB7CD4}.Ad-Hoc|Any CPU.Build.0 = Ad-Hoc|iPhone
		{462BE2D3-ACC1-4123-9A21-D0A55FFB7CD4}.Ad-Hoc|Any CPU.Deploy.0 = Ad-Hoc|iPhone
		{462BE2D3-ACC1-4123-9A21-D0A55FFB7CD4}.Ad-Hoc|ARM.ActiveCfg = Ad-Hoc|iPhone
		{462BE2D3-ACC1-4123-9A21-D0A55FFB7CD4}.Ad-Hoc|ARM.Build.0 = Ad-Hoc|iPhone
		{462BE2D3-ACC1-4123-9A21-D0A55FFB7CD4}.Ad-Hoc|ARM.Deploy.0 = Ad-Hoc|iPhone
		{462BE2D3-ACC1-4123-9A21-D0A55FFB7CD4}.Ad-Hoc|iPhone.ActiveCfg = Ad-Hoc|iPhone
		{462BE2D3-ACC1-4123-9A21-D0A55FFB7CD4}.Ad-Hoc|iPhone.Build.0 = Ad-Hoc|iPhone
		{462BE2D3-ACC1-4123-9A21-D0A55FFB7CD4}.Ad-Hoc|iPhone.Deploy.0 = Ad-Hoc|iPhone
		{462BE2D3-ACC1-4123-9A21-D0A55FFB7CD4}.Ad-Hoc|iPhoneSimulator.ActiveCfg = Ad-Hoc|iPhoneSimulator
		{462BE2D3-ACC1-4123-9A21-D0A55FFB7CD4}.Ad-Hoc|iPhoneSimulator.Build.0 = Ad-Hoc|iPhoneSimulator
		{462BE2D3-ACC1-4123-9A21-D0A55FFB7CD4}.Ad-Hoc|iPhoneSimulator.Deploy.0 = Ad-Hoc|iPhoneSimulator
		{462BE2D3-ACC1-4123-9A21-D0A55FFB7CD4}.Ad-Hoc|x64.ActiveCfg = Ad-Hoc|iPhone
		{462BE2D3-ACC1-4123-9A21-D0A55FFB7CD4}.Ad-Hoc|x64.Build.0 = Ad-Hoc|iPhone
		{462BE2D3-ACC1-4123-9A21-D0A55FFB7CD4}.Ad-Hoc|x64.Deploy.0 = Ad-Hoc|iPhone
		{462BE2D3-ACC1-4123-9A21-D0A55FFB7CD4}.Ad-Hoc|x86.ActiveCfg = Ad-Hoc|iPhone
		{462BE2D3-ACC1-4123-9A21-D0A55FFB7CD4}.Ad-Hoc|x86.Build.0 = Ad-Hoc|iPhone
		{462BE2D3-ACC1-4123-9A21-D0A55FFB7CD4}.Ad-Hoc|x86.Deploy.0 = Ad-Hoc|iPhone
		{462BE2D3-ACC1-4123-9A21-D0A55FFB7CD4}.AppStore|Any CPU.ActiveCfg = AppStore|iPhone
		{462BE2D3-ACC1-4123-9A21-D0A55FFB7CD4}.AppStore|Any CPU.Build.0 = AppStore|iPhone
		{462BE2D3-ACC1-4123-9A21-D0A55FFB7CD4}.AppStore|Any CPU.Deploy.0 = AppStore|iPhone
		{462BE2D3-ACC1-4123-9A21-D0A55FFB7CD4}.AppStore|ARM.ActiveCfg = AppStore|iPhone
		{462BE2D3-ACC1-4123-9A21-D0A55FFB7CD4}.AppStore|ARM.Build.0 = AppStore|iPhone
		{462BE2D3-ACC1-4123-9A21-D0A55FFB7CD4}.AppStore|ARM.Deploy.0 = AppStore|iPhone
		{462BE2D3-ACC1-4123-9A21-D0A55FFB7CD4}.AppStore|iPhone.ActiveCfg = AppStore|iPhone
		{462BE2D3-ACC1-4123-9A21-D0A55FFB7CD4}.AppStore|iPhone.Build.0 = AppStore|iPhone
		{462BE2D3-ACC1-4123-9A21-D0A55FFB7CD4}.AppStore|iPhone.Deploy.0 = AppStore|iPhone
		{462BE2D3-ACC1-4123-9A21-D0A55FFB7CD4}.AppStore|iPhoneSimulator.ActiveCfg = AppStore|iPhoneSimulator
		{462BE2D3-ACC1-4123-9A21-D0A55FFB7CD4}.AppStore|iPhoneSimulator.Build.0 = AppStore|iPhoneSimulator
		{462BE2D3-ACC1-4123-9A21-D0A55FFB7CD4}.AppStore|iPhoneSimulator.Deploy.0 = AppStore|iPhoneSimulator
		{462BE2D3-ACC1-4123-9A21-D0A55FFB7CD4}.AppStore|x64.ActiveCfg = AppStore|iPhone
		{462BE2D3-ACC1-4123-9A21-D0A55FFB7CD4}.AppStore|x64.Build.0 = AppStore|iPhone
		{462BE2D3-ACC1-4123-9A21-D0A55FFB7CD4}.AppStore|x64.Deploy.0 = AppStore|iPhone
		{462BE2D3-ACC1-4123-9A21-D0A55FFB7CD4}.AppStore|x86.ActiveCfg = AppStore|iPhone
		{462BE2D3-ACC1-4123-9A21-D0A55FFB7CD4}.AppStore|x86.Build.0 = AppStore|iPhone
		{462BE2D3-ACC1-4123-9A21-D0A55FFB7CD4}.AppStore|x86.Deploy.0 = AppStore|iPhone
		{462BE2D3-ACC1-4123-9A21-D0A55FFB7CD4}.Debug|Any CPU.ActiveCfg = Debug|iPhone
		{462BE2D3-ACC1-4123-9A21-D0A55FFB7CD4}.Debug|Any CPU.Build.0 = Debug|iPhone
		{462BE2D3-ACC1-4123-9A21-D0A55FFB7CD4}.Debug|Any CPU.Deploy.0 = Debug|iPhone
		{462BE2D3-ACC1-4123-9A21-D0A55FFB7CD4}.Debug|ARM.ActiveCfg = Debug|iPhoneSimulator
		{462BE2D3-ACC1-4123-9A21-D0A55FFB7CD4}.Debug|ARM.Build.0 = Debug|iPhoneSimulator
		{462BE2D3-ACC1-4123-9A21-D0A55FFB7CD4}.Debug|ARM.Deploy.0 = Debug|iPhoneSimulator
		{462BE2D3-ACC1-4123-9A21-D0A55FFB7CD4}.Debug|iPhone.ActiveCfg = Debug|iPhone
		{462BE2D3-ACC1-4123-9A21-D0A55FFB7CD4}.Debug|iPhone.Build.0 = Debug|iPhone
		{462BE2D3-ACC1-4123-9A21-D0A55FFB7CD4}.Debug|iPhone.Deploy.0 = Debug|iPhone
		{462BE2D3-ACC1-4123-9A21-D0A55FFB7CD4}.Debug|iPhoneSimulator.ActiveCfg = Debug|iPhoneSimulator
		{462BE2D3-ACC1-4123-9A21-D0A55FFB7CD4}.Debug|iPhoneSimulator.Build.0 = Debug|iPhoneSimulator
		{462BE2D3-ACC1-4123-9A21-D0A55FFB7CD4}.Debug|iPhoneSimulator.Deploy.0 = Debug|iPhoneSimulator
		{462BE2D3-ACC1-4123-9A21-D0A55FFB7CD4}.Debug|x64.ActiveCfg = Debug|iPhone
		{462BE2D3-ACC1-4123-9A21-D0A55FFB7CD4}.Debug|x64.Build.0 = Debug|iPhone
		{462BE2D3-ACC1-4123-9A21-D0A55FFB7CD4}.Debug|x64.Deploy.0 = Debug|iPhone
		{462BE2D3-ACC1-4123-9A21-D0A55FFB7CD4}.Debug|x86.ActiveCfg = Debug|iPhone
		{462BE2D3-ACC1-4123-9A21-D0A55FFB7CD4}.Debug|x86.Deploy.0 = Debug|iPhone
		{462BE2D3-ACC1-4123-9A21-D0A55FFB7CD4}.Release|Any CPU.ActiveCfg = Release|iPhone
		{462BE2D3-ACC1-4123-9A21-D0A55FFB7CD4}.Release|Any CPU.Build.0 = Release|iPhone
		{462BE2D3-ACC1-4123-9A21-D0A55FFB7CD4}.Release|Any CPU.Deploy.0 = Release|iPhone
		{462BE2D3-ACC1-4123-9A21-D0A55FFB7CD4}.Release|ARM.ActiveCfg = Release|iPhone
		{462BE2D3-ACC1-4123-9A21-D0A55FFB7CD4}.Release|ARM.Build.0 = Release|iPhone
		{462BE2D3-ACC1-4123-9A21-D0A55FFB7CD4}.Release|ARM.Deploy.0 = Release|iPhone
		{462BE2D3-ACC1-4123-9A21-D0A55FFB7CD4}.Release|iPhone.ActiveCfg = Release|iPhone
		{462BE2D3-ACC1-4123-9A21-D0A55FFB7CD4}.Release|iPhone.Build.0 = Release|iPhone
		{462BE2D3-ACC1-4123-9A21-D0A55FFB7CD4}.Release|iPhone.Deploy.0 = Release|iPhone
		{462BE2D3-ACC1-4123-9A21-D0A55FFB7CD4}.Release|iPhoneSimulator.ActiveCfg = Release|iPhoneSimulator
		{462BE2D3-ACC1-4123-9A21-D0A55FFB7CD4}.Release|iPhoneSimulator.Build.0 = Release|iPhoneSimulator
		{462BE2D3-ACC1-4123-9A21-D0A55FFB7CD4}.Release|iPhoneSimulator.Deploy.0 = Release|iPhoneSimulator
		{462BE2D3-ACC1-4123-9A21-D0A55FFB7CD4}.Release|x64.ActiveCfg = Release|iPhone
		{462BE2D3-ACC1-4123-9A21-D0A55FFB7CD4}.Release|x64.Build.0 = Release|iPhone
		{462BE2D3-ACC1-4123-9A21-D0A55FFB7CD4}.Release|x64.Deploy.0 = Release|iPhone
		{462BE2D3-ACC1-4123-9A21-D0A55FFB7CD4}.Release|x86.ActiveCfg = Release|iPhone
		{462BE2D3-ACC1-4123-9A21-D0A55FFB7CD4}.Release|x86.Build.0 = Release|iPhone
		{462BE2D3-ACC1-4123-9A21-D0A55FFB7CD4}.Release|x86.Deploy.0 = Release|iPhone
		{B2E3120D-941E-41D0-9AAA-6EB08B918569}.Ad-Hoc|Any CPU.ActiveCfg = Debug|Any CPU
		{B2E3120D-941E-41D0-9AAA-6EB08B918569}.Ad-Hoc|Any CPU.Build.0 = Debug|Any CPU
		{B2E3120D-941E-41D0-9AAA-6EB08B918569}.Ad-Hoc|Any CPU.Deploy.0 = Debug|Any CPU
		{B2E3120D-941E-41D0-9AAA-6EB08B918569}.Ad-Hoc|ARM.ActiveCfg = Debug|Any CPU
		{B2E3120D-941E-41D0-9AAA-6EB08B918569}.Ad-Hoc|ARM.Build.0 = Debug|Any CPU
		{B2E3120D-941E-41D0-9AAA-6EB08B918569}.Ad-Hoc|ARM.Deploy.0 = Debug|Any CPU
		{B2E3120D-941E-41D0-9AAA-6EB08B918569}.Ad-Hoc|iPhone.ActiveCfg = Debug|Any CPU
		{B2E3120D-941E-41D0-9AAA-6EB08B918569}.Ad-Hoc|iPhone.Build.0 = Debug|Any CPU
		{B2E3120D-941E-41D0-9AAA-6EB08B918569}.Ad-Hoc|iPhone.Deploy.0 = Debug|Any CPU
		{B2E3120D-941E-41D0-9AAA-6EB08B918569}.Ad-Hoc|iPhoneSimulator.ActiveCfg = Debug|Any CPU
		{B2E3120D-941E-41D0-9AAA-6EB08B918569}.Ad-Hoc|iPhoneSimulator.Build.0 = Debug|Any CPU
		{B2E3120D-941E-41D0-9AAA-6EB08B918569}.Ad-Hoc|iPhoneSimulator.Deploy.0 = Debug|Any CPU
		{B2E3120D-941E-41D0-9AAA-6EB08B918569}.Ad-Hoc|x64.ActiveCfg = Debug|Any CPU
		{B2E3120D-941E-41D0-9AAA-6EB08B918569}.Ad-Hoc|x64.Build.0 = Debug|Any CPU
		{B2E3120D-941E-41D0-9AAA-6EB08B918569}.Ad-Hoc|x64.Deploy.0 = Debug|Any CPU
		{B2E3120D-941E-41D0-9AAA-6EB08B918569}.Ad-Hoc|x86.ActiveCfg = Debug|Any CPU
		{B2E3120D-941E-41D0-9AAA-6EB08B918569}.Ad-Hoc|x86.Build.0 = Debug|Any CPU
		{B2E3120D-941E-41D0-9AAA-6EB08B918569}.Ad-Hoc|x86.Deploy.0 = Debug|Any CPU
		{B2E3120D-941E-41D0-9AAA-6EB08B918569}.AppStore|Any CPU.ActiveCfg = Debug|Any CPU
		{B2E3120D-941E-41D0-9AAA-6EB08B918569}.AppStore|Any CPU.Build.0 = Debug|Any CPU
		{B2E3120D-941E-41D0-9AAA-6EB08B918569}.AppStore|Any CPU.Deploy.0 = Debug|Any CPU
		{B2E3120D-941E-41D0-9AAA-6EB08B918569}.AppStore|ARM.ActiveCfg = Debug|Any CPU
		{B2E3120D-941E-41D0-9AAA-6EB08B918569}.AppStore|ARM.Build.0 = Debug|Any CPU
		{B2E3120D-941E-41D0-9AAA-6EB08B918569}.AppStore|ARM.Deploy.0 = Debug|Any CPU
		{B2E3120D-941E-41D0-9AAA-6EB08B918569}.AppStore|iPhone.ActiveCfg = Debug|Any CPU
		{B2E3120D-941E-41D0-9AAA-6EB08B918569}.AppStore|iPhone.Build.0 = Debug|Any CPU
		{B2E3120D-941E-41D0-9AAA-6EB08B918569}.AppStore|iPhone.Deploy.0 = Debug|Any CPU
		{B2E3120D-941E-41D0-9AAA-6EB08B918569}.AppStore|iPhoneSimulator.ActiveCfg = Debug|Any CPU
		{B2E3120D-941E-41D0-9AAA-6EB08B918569}.AppStore|iPhoneSimulator.Build.0 = Debug|Any CPU
		{B2E3120D-941E-41D0-9AAA-6EB08B918569}.AppStore|iPhoneSimulator.Deploy.0 = Debug|Any CPU
		{B2E3120D-941E-41D0-9AAA-6EB08B918569}.AppStore|x64.ActiveCfg = Debug|Any CPU
		{B2E3120D-941E-41D0-9AAA-6EB08B918569}.AppStore|x64.Build.0 = Debug|Any CPU
		{B2E3120D-941E-41D0-9AAA-6EB08B918569}.AppStore|x64.Deploy.0 = Debug|Any CPU
		{B2E3120D-941E-41D0-9AAA-6EB08B918569}.AppStore|x86.ActiveCfg = Debug|Any CPU
		{B2E3120D-941E-41D0-9AAA-6EB08B918569}.AppStore|x86.Build.0 = Debug|Any CPU
		{B2E3120D-941E-41D0-9AAA-6EB08B918569}.AppStore|x86.Deploy.0 = Debug|Any CPU
		{B2E3120D-941E-41D0-9AAA-6EB08B918569}.Debug|Any CPU.ActiveCfg = Debug|Any CPU
		{B2E3120D-941E-41D0-9AAA-6EB08B918569}.Debug|Any CPU.Build.0 = Debug|Any CPU
		{B2E3120D-941E-41D0-9AAA-6EB08B918569}.Debug|Any CPU.Deploy.0 = Debug|Any CPU
		{B2E3120D-941E-41D0-9AAA-6EB08B918569}.Debug|ARM.ActiveCfg = Debug|Any CPU
		{B2E3120D-941E-41D0-9AAA-6EB08B918569}.Debug|ARM.Build.0 = Debug|Any CPU
		{B2E3120D-941E-41D0-9AAA-6EB08B918569}.Debug|ARM.Deploy.0 = Debug|Any CPU
		{B2E3120D-941E-41D0-9AAA-6EB08B918569}.Debug|iPhone.ActiveCfg = Debug|Any CPU
		{B2E3120D-941E-41D0-9AAA-6EB08B918569}.Debug|iPhone.Build.0 = Debug|Any CPU
		{B2E3120D-941E-41D0-9AAA-6EB08B918569}.Debug|iPhone.Deploy.0 = Debug|Any CPU
		{B2E3120D-941E-41D0-9AAA-6EB08B918569}.Debug|iPhoneSimulator.ActiveCfg = Debug|Any CPU
		{B2E3120D-941E-41D0-9AAA-6EB08B918569}.Debug|iPhoneSimulator.Build.0 = Debug|Any CPU
		{B2E3120D-941E-41D0-9AAA-6EB08B918569}.Debug|iPhoneSimulator.Deploy.0 = Debug|Any CPU
		{B2E3120D-941E-41D0-9AAA-6EB08B918569}.Debug|x64.ActiveCfg = Debug|Any CPU
		{B2E3120D-941E-41D0-9AAA-6EB08B918569}.Debug|x64.Build.0 = Debug|Any CPU
		{B2E3120D-941E-41D0-9AAA-6EB08B918569}.Debug|x64.Deploy.0 = Debug|Any CPU
		{B2E3120D-941E-41D0-9AAA-6EB08B918569}.Debug|x86.ActiveCfg = Debug|Any CPU
		{B2E3120D-941E-41D0-9AAA-6EB08B918569}.Debug|x86.Build.0 = Debug|Any CPU
		{B2E3120D-941E-41D0-9AAA-6EB08B918569}.Debug|x86.Deploy.0 = Debug|Any CPU
		{B2E3120D-941E-41D0-9AAA-6EB08B918569}.Release|Any CPU.ActiveCfg = Release|Any CPU
		{B2E3120D-941E-41D0-9AAA-6EB08B918569}.Release|Any CPU.Build.0 = Release|Any CPU
		{B2E3120D-941E-41D0-9AAA-6EB08B918569}.Release|Any CPU.Deploy.0 = Release|Any CPU
		{B2E3120D-941E-41D0-9AAA-6EB08B918569}.Release|ARM.ActiveCfg = Release|Any CPU
		{B2E3120D-941E-41D0-9AAA-6EB08B918569}.Release|ARM.Build.0 = Release|Any CPU
		{B2E3120D-941E-41D0-9AAA-6EB08B918569}.Release|ARM.Deploy.0 = Release|Any CPU
		{B2E3120D-941E-41D0-9AAA-6EB08B918569}.Release|iPhone.ActiveCfg = Release|Any CPU
		{B2E3120D-941E-41D0-9AAA-6EB08B918569}.Release|iPhone.Build.0 = Release|Any CPU
		{B2E3120D-941E-41D0-9AAA-6EB08B918569}.Release|iPhone.Deploy.0 = Release|Any CPU
		{B2E3120D-941E-41D0-9AAA-6EB08B918569}.Release|iPhoneSimulator.ActiveCfg = Release|Any CPU
		{B2E3120D-941E-41D0-9AAA-6EB08B918569}.Release|iPhoneSimulator.Build.0 = Release|Any CPU
		{B2E3120D-941E-41D0-9AAA-6EB08B918569}.Release|iPhoneSimulator.Deploy.0 = Release|Any CPU
		{B2E3120D-941E-41D0-9AAA-6EB08B918569}.Release|x64.ActiveCfg = Release|Any CPU
		{B2E3120D-941E-41D0-9AAA-6EB08B918569}.Release|x64.Build.0 = Release|Any CPU
		{B2E3120D-941E-41D0-9AAA-6EB08B918569}.Release|x64.Deploy.0 = Release|Any CPU
		{B2E3120D-941E-41D0-9AAA-6EB08B918569}.Release|x86.ActiveCfg = Release|Any CPU
		{B2E3120D-941E-41D0-9AAA-6EB08B918569}.Release|x86.Build.0 = Release|Any CPU
		{B2E3120D-941E-41D0-9AAA-6EB08B918569}.Release|x86.Deploy.0 = Release|Any CPU
	EndGlobalSection
	GlobalSection(SolutionProperties) = preSolution
		HideSolutionNode = FALSE
	EndGlobalSection
	GlobalSection(ExtensibilityGlobals) = postSolution
		SolutionGuid = {554DE87E-0301-4B82-AEDE-E6523A45D594}
	EndGlobalSection
EndGlobal
